// !$*UTF8*$!
{
	archiveVersion = 1;
	classes = {
	};
	objectVersion = 46;
	objects = {

/* Begin PBXBuildFile section */
		AE415AE818D721FB00C2C561 /* XXXSpotify.m in Sources */ = {isa = PBXBuildFile; fileRef = AE415AE718D721FB00C2C561 /* XXXSpotify.m */; };
		AE8D99B918D60F0300D30E60 /* Cocoa.framework in Frameworks */ = {isa = PBXBuildFile; fileRef = AE8D99B818D60F0300D30E60 /* Cocoa.framework */; };
		AE8D99C318D60F0300D30E60 /* InfoPlist.strings in Resources */ = {isa = PBXBuildFile; fileRef = AE8D99C118D60F0300D30E60 /* InfoPlist.strings */; };
		AE8D99C518D60F0300D30E60 /* main.m in Sources */ = {isa = PBXBuildFile; fileRef = AE8D99C418D60F0300D30E60 /* main.m */; };
		AE8D99C918D60F0300D30E60 /* Credits.rtf in Resources */ = {isa = PBXBuildFile; fileRef = AE8D99C718D60F0300D30E60 /* Credits.rtf */; };
		AE8D99CC18D60F0300D30E60 /* XXXAppDelegate.m in Sources */ = {isa = PBXBuildFile; fileRef = AE8D99CB18D60F0300D30E60 /* XXXAppDelegate.m */; };
		AE8D99CF18D60F0300D30E60 /* MainMenu.xib in Resources */ = {isa = PBXBuildFile; fileRef = AE8D99CD18D60F0300D30E60 /* MainMenu.xib */; };
		AE8D99D118D60F0300D30E60 /* Images.xcassets in Resources */ = {isa = PBXBuildFile; fileRef = AE8D99D018D60F0300D30E60 /* Images.xcassets */; };
		AE8D99D818D60F0300D30E60 /* XCTest.framework in Frameworks */ = {isa = PBXBuildFile; fileRef = AE8D99D718D60F0300D30E60 /* XCTest.framework */; };
		AE8D99D918D60F0300D30E60 /* Cocoa.framework in Frameworks */ = {isa = PBXBuildFile; fileRef = AE8D99B818D60F0300D30E60 /* Cocoa.framework */; };
		AE8D99E118D60F0300D30E60 /* InfoPlist.strings in Resources */ = {isa = PBXBuildFile; fileRef = AE8D99DF18D60F0300D30E60 /* InfoPlist.strings */; };
		AE8D99E318D60F0300D30E60 /* SpotifyExportTests.m in Sources */ = {isa = PBXBuildFile; fileRef = AE8D99E218D60F0300D30E60 /* SpotifyExportTests.m */; };
		AE8D99ED18D612A200D30E60 /* README.md in Resources */ = {isa = PBXBuildFile; fileRef = AE8D99EC18D612A200D30E60 /* README.md */; };
		AEA2140318D7578300E352E3 /* SocketRocket.framework in Frameworks */ = {isa = PBXBuildFile; fileRef = AEC9E0CF18D757130091814C /* SocketRocket.framework */; };
		AEA2140418D7578800E352E3 /* SocketRocket.framework in CopyFiles */ = {isa = PBXBuildFile; fileRef = AEC9E0CF18D757130091814C /* SocketRocket.framework */; };
/* End PBXBuildFile section */

/* Begin PBXContainerItemProxy section */
		AE8D99DA18D60F0300D30E60 /* PBXContainerItemProxy */ = {
			isa = PBXContainerItemProxy;
			containerPortal = AE8D99AD18D60F0300D30E60 /* Project object */;
			proxyType = 1;
			remoteGlobalIDString = AE8D99B418D60F0300D30E60;
			remoteInfo = SpotifyExport;
		};
		AEA2140518D7579100E352E3 /* PBXContainerItemProxy */ = {
			isa = PBXContainerItemProxy;
			containerPortal = AEC9E0C518D757130091814C /* SocketRocket.xcodeproj */;
			proxyType = 1;
			remoteGlobalIDString = F668C87F153E91210044DBAC;
			remoteInfo = SocketRocketOSX;
		};
		AEC9E0CC18D757130091814C /* PBXContainerItemProxy */ = {
			isa = PBXContainerItemProxy;
			containerPortal = AEC9E0C518D757130091814C /* SocketRocket.xcodeproj */;
			proxyType = 2;
			remoteGlobalIDString = F6B2082D1450F597009315AF;
			remoteInfo = SocketRocket;
		};
		AEC9E0CE18D757130091814C /* PBXContainerItemProxy */ = {
			isa = PBXContainerItemProxy;
			containerPortal = AEC9E0C518D757130091814C /* SocketRocket.xcodeproj */;
			proxyType = 2;
			remoteGlobalIDString = F668C880153E91210044DBAC;
			remoteInfo = SocketRocketOSX;
		};
		AEC9E0D018D757130091814C /* PBXContainerItemProxy */ = {
			isa = PBXContainerItemProxy;
			containerPortal = AEC9E0C518D757130091814C /* SocketRocket.xcodeproj */;
			proxyType = 2;
			remoteGlobalIDString = F6BDA802145900D200FE3253;
			remoteInfo = SRWebSocketTests;
		};
		AEC9E0D218D757130091814C /* PBXContainerItemProxy */ = {
			isa = PBXContainerItemProxy;
			containerPortal = AEC9E0C518D757130091814C /* SocketRocket.xcodeproj */;
			proxyType = 2;
			remoteGlobalIDString = F62417E314D52F3C003CE997;
			remoteInfo = TestChat;
		};
/* End PBXContainerItemProxy section */

/* Begin PBXCopyFilesBuildPhase section */
		AE415AF918D7247A00C2C561 /* CopyFiles */ = {
			isa = PBXCopyFilesBuildPhase;
			buildActionMask = 2147483647;
			dstPath = "";
			dstSubfolderSpec = 10;
			files = (
				AEA2140418D7578800E352E3 /* SocketRocket.framework in CopyFiles */,
			);
			runOnlyForDeploymentPostprocessing = 0;
		};
/* End PBXCopyFilesBuildPhase section */

/* Begin PBXFileReference section */
		AE415AE618D721FB00C2C561 /* XXXSpotify.h */ = {isa = PBXFileReference; fileEncoding = 4; lastKnownFileType = sourcecode.c.h; path = XXXSpotify.h; sourceTree = "<group>"; };
		AE415AE718D721FB00C2C561 /* XXXSpotify.m */ = {isa = PBXFileReference; fileEncoding = 4; lastKnownFileType = sourcecode.c.objc; path = XXXSpotify.m; sourceTree = "<group>"; };
		AE8D99B518D60F0300D30E60 /* SpotifyExport.app */ = {isa = PBXFileReference; explicitFileType = wrapper.application; includeInIndex = 0; path = SpotifyExport.app; sourceTree = BUILT_PRODUCTS_DIR; };
		AE8D99B818D60F0300D30E60 /* Cocoa.framework */ = {isa = PBXFileReference; lastKnownFileType = wrapper.framework; name = Cocoa.framework; path = System/Library/Frameworks/Cocoa.framework; sourceTree = SDKROOT; };
		AE8D99BB18D60F0300D30E60 /* AppKit.framework */ = {isa = PBXFileReference; lastKnownFileType = wrapper.framework; name = AppKit.framework; path = System/Library/Frameworks/AppKit.framework; sourceTree = SDKROOT; };
		AE8D99BC18D60F0300D30E60 /* CoreData.framework */ = {isa = PBXFileReference; lastKnownFileType = wrapper.framework; name = CoreData.framework; path = System/Library/Frameworks/CoreData.framework; sourceTree = SDKROOT; };
		AE8D99BD18D60F0300D30E60 /* Foundation.framework */ = {isa = PBXFileReference; lastKnownFileType = wrapper.framework; name = Foundation.framework; path = System/Library/Frameworks/Foundation.framework; sourceTree = SDKROOT; };
		AE8D99C018D60F0300D30E60 /* SpotifyExport-Info.plist */ = {isa = PBXFileReference; lastKnownFileType = text.plist.xml; path = "SpotifyExport-Info.plist"; sourceTree = "<group>"; };
		AE8D99C218D60F0300D30E60 /* en */ = {isa = PBXFileReference; lastKnownFileType = text.plist.strings; name = en; path = en.lproj/InfoPlist.strings; sourceTree = "<group>"; };
		AE8D99C418D60F0300D30E60 /* main.m */ = {isa = PBXFileReference; lastKnownFileType = sourcecode.c.objc; path = main.m; sourceTree = "<group>"; };
		AE8D99C618D60F0300D30E60 /* SpotifyExport-Prefix.pch */ = {isa = PBXFileReference; lastKnownFileType = sourcecode.c.h; path = "SpotifyExport-Prefix.pch"; sourceTree = "<group>"; };
		AE8D99C818D60F0300D30E60 /* en */ = {isa = PBXFileReference; lastKnownFileType = text.rtf; name = en; path = en.lproj/Credits.rtf; sourceTree = "<group>"; };
		AE8D99CA18D60F0300D30E60 /* XXXAppDelegate.h */ = {isa = PBXFileReference; lastKnownFileType = sourcecode.c.h; path = XXXAppDelegate.h; sourceTree = "<group>"; };
		AE8D99CB18D60F0300D30E60 /* XXXAppDelegate.m */ = {isa = PBXFileReference; lastKnownFileType = sourcecode.c.objc; path = XXXAppDelegate.m; sourceTree = "<group>"; };
		AE8D99CE18D60F0300D30E60 /* Base */ = {isa = PBXFileReference; lastKnownFileType = file.xib; name = Base; path = Base.lproj/MainMenu.xib; sourceTree = "<group>"; };
		AE8D99D018D60F0300D30E60 /* Images.xcassets */ = {isa = PBXFileReference; lastKnownFileType = folder.assetcatalog; path = Images.xcassets; sourceTree = "<group>"; };
		AE8D99D618D60F0300D30E60 /* SpotifyExportTests.xctest */ = {isa = PBXFileReference; explicitFileType = wrapper.cfbundle; includeInIndex = 0; path = SpotifyExportTests.xctest; sourceTree = BUILT_PRODUCTS_DIR; };
		AE8D99D718D60F0300D30E60 /* XCTest.framework */ = {isa = PBXFileReference; lastKnownFileType = wrapper.framework; name = XCTest.framework; path = Library/Frameworks/XCTest.framework; sourceTree = DEVELOPER_DIR; };
		AE8D99DE18D60F0300D30E60 /* SpotifyExportTests-Info.plist */ = {isa = PBXFileReference; lastKnownFileType = text.plist.xml; path = "SpotifyExportTests-Info.plist"; sourceTree = "<group>"; };
		AE8D99E018D60F0300D30E60 /* en */ = {isa = PBXFileReference; lastKnownFileType = text.plist.strings; name = en; path = en.lproj/InfoPlist.strings; sourceTree = "<group>"; };
		AE8D99E218D60F0300D30E60 /* SpotifyExportTests.m */ = {isa = PBXFileReference; lastKnownFileType = sourcecode.c.objc; path = SpotifyExportTests.m; sourceTree = "<group>"; };
		AE8D99EC18D612A200D30E60 /* README.md */ = {isa = PBXFileReference; fileEncoding = 4; lastKnownFileType = text; path = README.md; sourceTree = "<group>"; };
		AEC9E0C518D757130091814C /* SocketRocket.xcodeproj */ = {isa = PBXFileReference; lastKnownFileType = "wrapper.pb-project"; name = SocketRocket.xcodeproj; path = SocketRocket/SocketRocket.xcodeproj; sourceTree = "<group>"; };
/* End PBXFileReference section */

/* Begin PBXFrameworksBuildPhase section */
		AE8D99B218D60F0300D30E60 /* Frameworks */ = {
			isa = PBXFrameworksBuildPhase;
			buildActionMask = 2147483647;
			files = (
				AEA2140318D7578300E352E3 /* SocketRocket.framework in Frameworks */,
				AE8D99B918D60F0300D30E60 /* Cocoa.framework in Frameworks */,
			);
			runOnlyForDeploymentPostprocessing = 0;
		};
		AE8D99D318D60F0300D30E60 /* Frameworks */ = {
			isa = PBXFrameworksBuildPhase;
			buildActionMask = 2147483647;
			files = (
				AE8D99D918D60F0300D30E60 /* Cocoa.framework in Frameworks */,
				AE8D99D818D60F0300D30E60 /* XCTest.framework in Frameworks */,
			);
			runOnlyForDeploymentPostprocessing = 0;
		};
/* End PBXFrameworksBuildPhase section */

/* Begin PBXGroup section */
		AE415AE518D721AE00C2C561 /* Classes */ = {
			isa = PBXGroup;
			children = (
				AE415AE618D721FB00C2C561 /* XXXSpotify.h */,
				AE415AE718D721FB00C2C561 /* XXXSpotify.m */,
			);
			name = Classes;
			sourceTree = "<group>";
		};
		AE8D99AC18D60F0300D30E60 = {
			isa = PBXGroup;
			children = (
				AEC9E0C518D757130091814C /* SocketRocket.xcodeproj */,
				AE8D99EC18D612A200D30E60 /* README.md */,
				AE8D99BE18D60F0300D30E60 /* SpotifyExport */,
				AE8D99DC18D60F0300D30E60 /* SpotifyExportTests */,
				AE8D99B718D60F0300D30E60 /* Frameworks */,
				AE8D99B618D60F0300D30E60 /* Products */,
			);
			sourceTree = "<group>";
		};
		AE8D99B618D60F0300D30E60 /* Products */ = {
			isa = PBXGroup;
			children = (
				AE8D99B518D60F0300D30E60 /* SpotifyExport.app */,
				AE8D99D618D60F0300D30E60 /* SpotifyExportTests.xctest */,
			);
			name = Products;
			sourceTree = "<group>";
		};
		AE8D99B718D60F0300D30E60 /* Frameworks */ = {
			isa = PBXGroup;
			children = (
				AE8D99B818D60F0300D30E60 /* Cocoa.framework */,
				AE8D99D718D60F0300D30E60 /* XCTest.framework */,
				AE8D99BA18D60F0300D30E60 /* Other Frameworks */,
			);
			name = Frameworks;
			sourceTree = "<group>";
		};
		AE8D99BA18D60F0300D30E60 /* Other Frameworks */ = {
			isa = PBXGroup;
			children = (
				AE8D99BB18D60F0300D30E60 /* AppKit.framework */,
				AE8D99BC18D60F0300D30E60 /* CoreData.framework */,
				AE8D99BD18D60F0300D30E60 /* Foundation.framework */,
			);
			name = "Other Frameworks";
			sourceTree = "<group>";
		};
		AE8D99BE18D60F0300D30E60 /* SpotifyExport */ = {
			isa = PBXGroup;
			children = (
				AE415AE518D721AE00C2C561 /* Classes */,
				AE8D99CA18D60F0300D30E60 /* XXXAppDelegate.h */,
				AE8D99CB18D60F0300D30E60 /* XXXAppDelegate.m */,
				AE8D99CD18D60F0300D30E60 /* MainMenu.xib */,
				AE8D99D018D60F0300D30E60 /* Images.xcassets */,
				AE8D99BF18D60F0300D30E60 /* Supporting Files */,
			);
			path = SpotifyExport;
			sourceTree = "<group>";
		};
		AE8D99BF18D60F0300D30E60 /* Supporting Files */ = {
			isa = PBXGroup;
			children = (
				AE8D99C018D60F0300D30E60 /* SpotifyExport-Info.plist */,
				AE8D99C118D60F0300D30E60 /* InfoPlist.strings */,
				AE8D99C418D60F0300D30E60 /* main.m */,
				AE8D99C618D60F0300D30E60 /* SpotifyExport-Prefix.pch */,
				AE8D99C718D60F0300D30E60 /* Credits.rtf */,
			);
			name = "Supporting Files";
			sourceTree = "<group>";
		};
		AE8D99DC18D60F0300D30E60 /* SpotifyExportTests */ = {
			isa = PBXGroup;
			children = (
				AE8D99E218D60F0300D30E60 /* SpotifyExportTests.m */,
				AE8D99DD18D60F0300D30E60 /* Supporting Files */,
			);
			path = SpotifyExportTests;
			sourceTree = "<group>";
		};
		AE8D99DD18D60F0300D30E60 /* Supporting Files */ = {
			isa = PBXGroup;
			children = (
				AE8D99DE18D60F0300D30E60 /* SpotifyExportTests-Info.plist */,
				AE8D99DF18D60F0300D30E60 /* InfoPlist.strings */,
			);
			name = "Supporting Files";
			sourceTree = "<group>";
		};
		AEC9E0C618D757130091814C /* Products */ = {
			isa = PBXGroup;
			children = (
				AEC9E0CD18D757130091814C /* libSocketRocket.a */,
				AEC9E0CF18D757130091814C /* SocketRocket.framework */,
				AEC9E0D118D757130091814C /* SRWebSocketTests.octest */,
				AEC9E0D318D757130091814C /* TestChat.app */,
			);
			name = Products;
			sourceTree = "<group>";
		};
/* End PBXGroup section */

/* Begin PBXNativeTarget section */
		AE8D99B418D60F0300D30E60 /* SpotifyExport */ = {
			isa = PBXNativeTarget;
			buildConfigurationList = AE8D99E618D60F0300D30E60 /* Build configuration list for PBXNativeTarget "SpotifyExport" */;
			buildPhases = (
				AE8D99B118D60F0300D30E60 /* Sources */,
				AE8D99B218D60F0300D30E60 /* Frameworks */,
				AE8D99B318D60F0300D30E60 /* Resources */,
				AE415AF918D7247A00C2C561 /* CopyFiles */,
			);
			buildRules = (
			);
			dependencies = (
				AEA2140618D7579100E352E3 /* PBXTargetDependency */,
			);
			name = SpotifyExport;
			productName = SpotifyExport;
			productReference = AE8D99B518D60F0300D30E60 /* SpotifyExport.app */;
			productType = "com.apple.product-type.application";
		};
		AE8D99D518D60F0300D30E60 /* SpotifyExportTests */ = {
			isa = PBXNativeTarget;
			buildConfigurationList = AE8D99E918D60F0300D30E60 /* Build configuration list for PBXNativeTarget "SpotifyExportTests" */;
			buildPhases = (
				AE8D99D218D60F0300D30E60 /* Sources */,
				AE8D99D318D60F0300D30E60 /* Frameworks */,
				AE8D99D418D60F0300D30E60 /* Resources */,
			);
			buildRules = (
			);
			dependencies = (
				AE8D99DB18D60F0300D30E60 /* PBXTargetDependency */,
			);
			name = SpotifyExportTests;
			productName = SpotifyExportTests;
			productReference = AE8D99D618D60F0300D30E60 /* SpotifyExportTests.xctest */;
			productType = "com.apple.product-type.bundle.unit-test";
		};
/* End PBXNativeTarget section */

/* Begin PBXProject section */
		AE8D99AD18D60F0300D30E60 /* Project object */ = {
			isa = PBXProject;
			attributes = {
				CLASSPREFIX = XXX;
				LastUpgradeCheck = 0510;
				ORGANIZATIONNAME = "Yannick Weiss";
				TargetAttributes = {
					AE8D99D518D60F0300D30E60 = {
						TestTargetID = AE8D99B418D60F0300D30E60;
					};
				};
			};
			buildConfigurationList = AE8D99B018D60F0300D30E60 /* Build configuration list for PBXProject "SpotifyExport" */;
			compatibilityVersion = "Xcode 3.2";
			developmentRegion = English;
			hasScannedForEncodings = 0;
			knownRegions = (
				en,
				Base,
			);
			mainGroup = AE8D99AC18D60F0300D30E60;
			productRefGroup = AE8D99B618D60F0300D30E60 /* Products */;
			projectDirPath = "";
			projectReferences = (
				{
					ProductGroup = AEC9E0C618D757130091814C /* Products */;
					ProjectRef = AEC9E0C518D757130091814C /* SocketRocket.xcodeproj */;
				},
			);
			projectRoot = "";
			targets = (
				AE8D99B418D60F0300D30E60 /* SpotifyExport */,
				AE8D99D518D60F0300D30E60 /* SpotifyExportTests */,
			);
		};
/* End PBXProject section */

/* Begin PBXReferenceProxy section */
		AEC9E0CD18D757130091814C /* libSocketRocket.a */ = {
			isa = PBXReferenceProxy;
			fileType = archive.ar;
			path = libSocketRocket.a;
			remoteRef = AEC9E0CC18D757130091814C /* PBXContainerItemProxy */;
			sourceTree = BUILT_PRODUCTS_DIR;
		};
		AEC9E0CF18D757130091814C /* SocketRocket.framework */ = {
			isa = PBXReferenceProxy;
			fileType = wrapper.framework;
			path = SocketRocket.framework;
			remoteRef = AEC9E0CE18D757130091814C /* PBXContainerItemProxy */;
			sourceTree = BUILT_PRODUCTS_DIR;
		};
		AEC9E0D118D757130091814C /* SRWebSocketTests.octest */ = {
			isa = PBXReferenceProxy;
			fileType = wrapper.cfbundle;
			path = SRWebSocketTests.octest;
			remoteRef = AEC9E0D018D757130091814C /* PBXContainerItemProxy */;
			sourceTree = BUILT_PRODUCTS_DIR;
		};
		AEC9E0D318D757130091814C /* TestChat.app */ = {
			isa = PBXReferenceProxy;
			fileType = wrapper.application;
			path = TestChat.app;
			remoteRef = AEC9E0D218D757130091814C /* PBXContainerItemProxy */;
			sourceTree = BUILT_PRODUCTS_DIR;
		};
/* End PBXReferenceProxy section */

/* Begin PBXResourcesBuildPhase section */
		AE8D99B318D60F0300D30E60 /* Resources */ = {
			isa = PBXResourcesBuildPhase;
			buildActionMask = 2147483647;
			files = (
				AE8D99C318D60F0300D30E60 /* InfoPlist.strings in Resources */,
				AE8D99D118D60F0300D30E60 /* Images.xcassets in Resources */,
				AE8D99ED18D612A200D30E60 /* README.md in Resources */,
				AE8D99C918D60F0300D30E60 /* Credits.rtf in Resources */,
				AE8D99CF18D60F0300D30E60 /* MainMenu.xib in Resources */,
			);
			runOnlyForDeploymentPostprocessing = 0;
		};
		AE8D99D418D60F0300D30E60 /* Resources */ = {
			isa = PBXResourcesBuildPhase;
			buildActionMask = 2147483647;
			files = (
				AE8D99E118D60F0300D30E60 /* InfoPlist.strings in Resources */,
			);
			runOnlyForDeploymentPostprocessing = 0;
		};
/* End PBXResourcesBuildPhase section */

/* Begin PBXSourcesBuildPhase section */
		AE8D99B118D60F0300D30E60 /* Sources */ = {
			isa = PBXSourcesBuildPhase;
			buildActionMask = 2147483647;
			files = (
				AE8D99C518D60F0300D30E60 /* main.m in Sources */,
				AE8D99CC18D60F0300D30E60 /* XXXAppDelegate.m in Sources */,
				AE415AE818D721FB00C2C561 /* XXXSpotify.m in Sources */,
			);
			runOnlyForDeploymentPostprocessing = 0;
		};
		AE8D99D218D60F0300D30E60 /* Sources */ = {
			isa = PBXSourcesBuildPhase;
			buildActionMask = 2147483647;
			files = (
				AE8D99E318D60F0300D30E60 /* SpotifyExportTests.m in Sources */,
			);
			runOnlyForDeploymentPostprocessing = 0;
		};
/* End PBXSourcesBuildPhase section */

/* Begin PBXTargetDependency section */
		AE8D99DB18D60F0300D30E60 /* PBXTargetDependency */ = {
			isa = PBXTargetDependency;
			target = AE8D99B418D60F0300D30E60 /* SpotifyExport */;
			targetProxy = AE8D99DA18D60F0300D30E60 /* PBXContainerItemProxy */;
		};
		AEA2140618D7579100E352E3 /* PBXTargetDependency */ = {
			isa = PBXTargetDependency;
			name = SocketRocketOSX;
			targetProxy = AEA2140518D7579100E352E3 /* PBXContainerItemProxy */;
		};
/* End PBXTargetDependency section */

/* Begin PBXVariantGroup section */
		AE8D99C118D60F0300D30E60 /* InfoPlist.strings */ = {
			isa = PBXVariantGroup;
			children = (
				AE8D99C218D60F0300D30E60 /* en */,
			);
			name = InfoPlist.strings;
			sourceTree = "<group>";
		};
		AE8D99C718D60F0300D30E60 /* Credits.rtf */ = {
			isa = PBXVariantGroup;
			children = (
				AE8D99C818D60F0300D30E60 /* en */,
			);
			name = Credits.rtf;
			sourceTree = "<group>";
		};
		AE8D99CD18D60F0300D30E60 /* MainMenu.xib */ = {
			isa = PBXVariantGroup;
			children = (
				AE8D99CE18D60F0300D30E60 /* Base */,
			);
			name = MainMenu.xib;
			sourceTree = "<group>";
		};
		AE8D99DF18D60F0300D30E60 /* InfoPlist.strings */ = {
			isa = PBXVariantGroup;
			children = (
				AE8D99E018D60F0300D30E60 /* en */,
			);
			name = InfoPlist.strings;
			sourceTree = "<group>";
		};
/* End PBXVariantGroup section */

/* Begin XCBuildConfiguration section */
		AE8D99E418D60F0300D30E60 /* Debug */ = {
			isa = XCBuildConfiguration;
			buildSettings = {
				ALWAYS_SEARCH_USER_PATHS = NO;
				CLANG_CXX_LANGUAGE_STANDARD = "gnu++0x";
				CLANG_CXX_LIBRARY = "libc++";
				CLANG_ENABLE_MODULES = YES;
				CLANG_ENABLE_OBJC_ARC = YES;
				CLANG_WARN_BOOL_CONVERSION = YES;
				CLANG_WARN_CONSTANT_CONVERSION = YES;
				CLANG_WARN_DIRECT_OBJC_ISA_USAGE = YES_ERROR;
				CLANG_WARN_EMPTY_BODY = YES;
				CLANG_WARN_ENUM_CONVERSION = YES;
				CLANG_WARN_INT_CONVERSION = YES;
				CLANG_WARN_OBJC_ROOT_CLASS = YES_ERROR;
				CLANG_WARN__DUPLICATE_METHOD_MATCH = YES;
				COPY_PHASE_STRIP = NO;
				GCC_C_LANGUAGE_STANDARD = gnu99;
				GCC_DYNAMIC_NO_PIC = NO;
				GCC_ENABLE_OBJC_EXCEPTIONS = YES;
				GCC_OPTIMIZATION_LEVEL = 0;
				GCC_PREPROCESSOR_DEFINITIONS = (
					"DEBUG=1",
					"$(inherited)",
				);
				GCC_SYMBOLS_PRIVATE_EXTERN = NO;
				GCC_WARN_64_TO_32_BIT_CONVERSION = YES;
				GCC_WARN_ABOUT_RETURN_TYPE = YES_ERROR;
				GCC_WARN_UNDECLARED_SELECTOR = YES;
				GCC_WARN_UNINITIALIZED_AUTOS = YES_AGGRESSIVE;
				GCC_WARN_UNUSED_FUNCTION = YES;
				GCC_WARN_UNUSED_VARIABLE = YES;
				MACOSX_DEPLOYMENT_TARGET = 10.9;
				ONLY_ACTIVE_ARCH = YES;
				SDKROOT = macosx;
			};
			name = Debug;
		};
		AE8D99E518D60F0300D30E60 /* Release */ = {
			isa = XCBuildConfiguration;
			buildSettings = {
				ALWAYS_SEARCH_USER_PATHS = NO;
				CLANG_CXX_LANGUAGE_STANDARD = "gnu++0x";
				CLANG_CXX_LIBRARY = "libc++";
				CLANG_ENABLE_MODULES = YES;
				CLANG_ENABLE_OBJC_ARC = YES;
				CLANG_WARN_BOOL_CONVERSION = YES;
				CLANG_WARN_CONSTANT_CONVERSION = YES;
				CLANG_WARN_DIRECT_OBJC_ISA_USAGE = YES_ERROR;
				CLANG_WARN_EMPTY_BODY = YES;
				CLANG_WARN_ENUM_CONVERSION = YES;
				CLANG_WARN_INT_CONVERSION = YES;
				CLANG_WARN_OBJC_ROOT_CLASS = YES_ERROR;
				CLANG_WARN__DUPLICATE_METHOD_MATCH = YES;
				COPY_PHASE_STRIP = YES;
				DEBUG_INFORMATION_FORMAT = "dwarf-with-dsym";
				ENABLE_NS_ASSERTIONS = NO;
				GCC_C_LANGUAGE_STANDARD = gnu99;
				GCC_ENABLE_OBJC_EXCEPTIONS = YES;
				GCC_WARN_64_TO_32_BIT_CONVERSION = YES;
				GCC_WARN_ABOUT_RETURN_TYPE = YES_ERROR;
				GCC_WARN_UNDECLARED_SELECTOR = YES;
				GCC_WARN_UNINITIALIZED_AUTOS = YES_AGGRESSIVE;
				GCC_WARN_UNUSED_FUNCTION = YES;
				GCC_WARN_UNUSED_VARIABLE = YES;
				MACOSX_DEPLOYMENT_TARGET = 10.9;
				SDKROOT = macosx;
			};
			name = Release;
		};
		AE8D99E718D60F0300D30E60 /* Debug */ = {
			isa = XCBuildConfiguration;
			buildSettings = {
				ASSETCATALOG_COMPILER_APPICON_NAME = AppIcon;
				COMBINE_HIDPI_IMAGES = YES;
				GCC_PRECOMPILE_PREFIX_HEADER = YES;
				GCC_PREFIX_HEADER = "SpotifyExport/SpotifyExport-Prefix.pch";
				INFOPLIST_FILE = "SpotifyExport/SpotifyExport-Info.plist";
				PRODUCT_NAME = "$(TARGET_NAME)";
				WRAPPER_EXTENSION = app;
			};
			name = Debug;
		};
		AE8D99E818D60F0300D30E60 /* Release */ = {
			isa = XCBuildConfiguration;
			buildSettings = {
				ASSETCATALOG_COMPILER_APPICON_NAME = AppIcon;
				COMBINE_HIDPI_IMAGES = YES;
				GCC_PRECOMPILE_PREFIX_HEADER = YES;
				GCC_PREFIX_HEADER = "SpotifyExport/SpotifyExport-Prefix.pch";
				INFOPLIST_FILE = "SpotifyExport/SpotifyExport-Info.plist";
				PRODUCT_NAME = "$(TARGET_NAME)";
				WRAPPER_EXTENSION = app;
			};
			name = Release;
		};
		AE8D99EA18D60F0300D30E60 /* Debug */ = {
			isa = XCBuildConfiguration;
			buildSettings = {
				BUNDLE_LOADER = "$(BUILT_PRODUCTS_DIR)/SpotifyExport.app/Contents/MacOS/SpotifyExport";
				COMBINE_HIDPI_IMAGES = YES;
				FRAMEWORK_SEARCH_PATHS = (
					"$(DEVELOPER_FRAMEWORKS_DIR)",
					"$(inherited)",
				);
				GCC_PRECOMPILE_PREFIX_HEADER = YES;
				GCC_PREFIX_HEADER = "SpotifyExport/SpotifyExport-Prefix.pch";
				GCC_PREPROCESSOR_DEFINITIONS = (
					"DEBUG=1",
					"$(inherited)",
				);
				INFOPLIST_FILE = "SpotifyExportTests/SpotifyExportTests-Info.plist";
				PRODUCT_NAME = "$(TARGET_NAME)";
				TEST_HOST = "$(BUNDLE_LOADER)";
				WRAPPER_EXTENSION = xctest;
			};
			name = Debug;
		};
		AE8D99EB18D60F0300D30E60 /* Release */ = {
			isa = XCBuildConfiguration;
			buildSettings = {
				BUNDLE_LOADER = "$(BUILT_PRODUCTS_DIR)/SpotifyExport.app/Contents/MacOS/SpotifyExport";
				COMBINE_HIDPI_IMAGES = YES;
				FRAMEWORK_SEARCH_PATHS = (
					"$(DEVELOPER_FRAMEWORKS_DIR)",
					"$(inherited)",
				);
				GCC_PRECOMPILE_PREFIX_HEADER = YES;
				GCC_PREFIX_HEADER = "SpotifyExport/SpotifyExport-Prefix.pch";
				INFOPLIST_FILE = "SpotifyExportTests/SpotifyExportTests-Info.plist";
				PRODUCT_NAME = "$(TARGET_NAME)";
				TEST_HOST = "$(BUNDLE_LOADER)";
				WRAPPER_EXTENSION = xctest;
			};
			name = Release;
		};
/* End XCBuildConfiguration section */

/* Begin XCConfigurationList section */
		AE8D99B018D60F0300D30E60 /* Build configuration list for PBXProject "SpotifyExport" */ = {
			isa = XCConfigurationList;
			buildConfigurations = (
				AE8D99E418D60F0300D30E60 /* Debug */,
				AE8D99E518D60F0300D30E60 /* Release */,
			);
			defaultConfigurationIsVisible = 0;
			defaultConfigurationName = Release;
		};
		AE8D99E618D60F0300D30E60 /* Build configuration list for PBXNativeTarget "SpotifyExport" */ = {
			isa = XCConfigurationList;
			buildConfigurations = (
				AE8D99E718D60F0300D30E60 /* Debug */,
				AE8D99E818D60F0300D30E60 /* Release */,
			);
			defaultConfigurationIsVisible = 0;
			defaultConfigurationName = Release;
		};
		AE8D99E918D60F0300D30E60 /* Build configuration list for PBXNativeTarget "SpotifyExportTests" */ = {
			isa = XCConfigurationList;
			buildConfigurations = (
				AE8D99EA18D60F0300D30E60 /* Debug */,
				AE8D99EB18D60F0300D30E60 /* Release */,
			);
			defaultConfigurationIsVisible = 0;
			defaultConfigurationName = Release;
		};
/* End XCConfigurationList section */
	};
	rootObject = AE8D99AD18D60F0300D30E60 /* Project object */;
}
